
Microsoft Visual Studio Solution File, Format Version 12.00
# Visual Studio Version 17
VisualStudioVersion = 17.0.31912.275
MinimumVisualStudioVersion = 10.0.40219.1
Project("{FAE04EC0-301F-11D3-BF4B-00C04F79EFBC}") = "UnitTestNetCore", "UnitTestNetCore\UnitTestNetCore.csproj", "{481E764F-3C99-4291-83A8-D22A003D9728}"
EndProject
Project("{FAE04EC0-301F-11D3-BF4B-00C04F79EFBC}") = "UnitTestNetCoreMsTest", "UnitTestNetCoreMsTest\UnitTestNetCoreMsTest.csproj", "{DC43ED78-9F88-4BA5-84DF-0520B58924F5}"
EndProject
Project("{FAE04EC0-301F-11D3-BF4B-00C04F79EFBC}") = "UnitTestNetCoreNUnitTests", "UnitTestNetCoreNUnitTests\UnitTestNetCoreNUnitTests.csproj", "{5FCB44B0-A090-4F82-B43E-E71826D6B106}"
EndProject
Global
	GlobalSection(SolutionConfigurationPlatforms) = preSolution
		Debug|Any CPU = Debug|Any CPU
		Release|Any CPU = Release|Any CPU
	EndGlobalSection
	GlobalSection(ProjectConfigurationPlatforms) = postSolution
		{481E764F-3C99-4291-83A8-D22A003D9728}.Debug|Any CPU.ActiveCfg = Debug|Any CPU
		{481E764F-3C99-4291-83A8-D22A003D9728}.Debug|Any CPU.Build.0 = Debug|Any CPU
		{481E764F-3C99-4291-83A8-D22A003D9728}.Release|Any CPU.ActiveCfg = Release|Any CPU
		{481E764F-3C99-4291-83A8-D22A003D9728}.Release|Any CPU.Build.0 = Release|Any CPU
		{DC43ED78-9F88-4BA5-84DF-0520B58924F5}.Debug|Any CPU.ActiveCfg = Debug|Any CPU
		{DC43ED78-9F88-4BA5-84DF-0520B58924F5}.Debug|Any CPU.Build.0 = Debug|Any CPU
		{DC43ED78-9F88-4BA5-84DF-0520B58924F5}.Release|Any CPU.ActiveCfg = Release|Any CPU
		{DC43ED78-9F88-4BA5-84DF-0520B58924F5}.Release|Any CPU.Build.0 = Release|Any CPU
		{5FCB44B0-A090-4F82-B43E-E71826D6B106}.Debug|Any CPU.ActiveCfg = Debug|Any CPU
		{5FCB44B0-A090-4F82-B43E-E71826D6B106}.Debug|Any CPU.Build.0 = Debug|Any CPU
		{5FCB44B0-A090-4F82-B43E-E71826D6B106}.Release|Any CPU.ActiveCfg = Release|Any CPU
		{5FCB44B0-A090-4F82-B43E-E71826D6B106}.Release|Any CPU.Build.0 = Release|Any CPU
	EndGlobalSection
	GlobalSection(SolutionProperties) = preSolution
		HideSolutionNode = FALSE
	EndGlobalSection
	GlobalSection(ExtensibilityGlobals) = postSolution
		SolutionGuid = {1753401A-280A-430F-BD4B-BE8F2D98EC9E}
	EndGlobalSection
EndGlobal
