
Microsoft Visual Studio Solution File, Format Version 12.00
# Visual Studio Version 16
VisualStudioVersion = 16.0.31727.386
MinimumVisualStudioVersion = 10.0.40219.1
Project("{9A19103F-16F7-4668-BE54-9A1E7A4F7556}") = "RespositoryPattern", "RespositoryPattern\RespositoryPattern.csproj", "{C5D16E69-C195-4732-A1AB-465AAC418718}"
EndProject
Project("{9A19103F-16F7-4668-BE54-9A1E7A4F7556}") = "Entities", "Entities\Entities.csproj", "{C440DD80-59E0-4F01-9FC3-7E8E4621F52D}"
EndProject
Project("{9A19103F-16F7-4668-BE54-9A1E7A4F7556}") = "RespositoryPattern.Test", "RespositoryPattern.Test\RespositoryPattern.Test.csproj", "{E2E3DDDA-76A7-4F91-B612-8C935F272C9D}"
EndProject
Project("{FAE04EC0-301F-11D3-BF4B-00C04F79EFBC}") = "Logging", "Logging\Logging.csproj", "{08407A99-B0F8-454C-AD18-3B8C713E0496}"
EndProject
Global
	GlobalSection(SolutionConfigurationPlatforms) = preSolution
		Debug|Any CPU = Debug|Any CPU
		Release|Any CPU = Release|Any CPU
	EndGlobalSection
	GlobalSection(ProjectConfigurationPlatforms) = postSolution
		{C5D16E69-C195-4732-A1AB-465AAC418718}.Debug|Any CPU.ActiveCfg = Debug|Any CPU
		{C5D16E69-C195-4732-A1AB-465AAC418718}.Debug|Any CPU.Build.0 = Debug|Any CPU
		{C5D16E69-C195-4732-A1AB-465AAC418718}.Release|Any CPU.ActiveCfg = Release|Any CPU
		{C5D16E69-C195-4732-A1AB-465AAC418718}.Release|Any CPU.Build.0 = Release|Any CPU
		{C440DD80-59E0-4F01-9FC3-7E8E4621F52D}.Debug|Any CPU.ActiveCfg = Debug|Any CPU
		{C440DD80-59E0-4F01-9FC3-7E8E4621F52D}.Debug|Any CPU.Build.0 = Debug|Any CPU
		{C440DD80-59E0-4F01-9FC3-7E8E4621F52D}.Release|Any CPU.ActiveCfg = Release|Any CPU
		{C440DD80-59E0-4F01-9FC3-7E8E4621F52D}.Release|Any CPU.Build.0 = Release|Any CPU
		{E2E3DDDA-76A7-4F91-B612-8C935F272C9D}.Debug|Any CPU.ActiveCfg = Debug|Any CPU
		{E2E3DDDA-76A7-4F91-B612-8C935F272C9D}.Debug|Any CPU.Build.0 = Debug|Any CPU
		{E2E3DDDA-76A7-4F91-B612-8C935F272C9D}.Release|Any CPU.ActiveCfg = Release|Any CPU
		{E2E3DDDA-76A7-4F91-B612-8C935F272C9D}.Release|Any CPU.Build.0 = Release|Any CPU
		{08407A99-B0F8-454C-AD18-3B8C713E0496}.Debug|Any CPU.ActiveCfg = Debug|Any CPU
		{08407A99-B0F8-454C-AD18-3B8C713E0496}.Debug|Any CPU.Build.0 = Debug|Any CPU
		{08407A99-B0F8-454C-AD18-3B8C713E0496}.Release|Any CPU.ActiveCfg = Release|Any CPU
		{08407A99-B0F8-454C-AD18-3B8C713E0496}.Release|Any CPU.Build.0 = Release|Any CPU
	EndGlobalSection
	GlobalSection(SolutionProperties) = preSolution
		HideSolutionNode = FALSE
	EndGlobalSection
	GlobalSection(ExtensibilityGlobals) = postSolution
		SolutionGuid = {0B8422E8-E4DF-4955-9190-F1254EB9DCCB}
	EndGlobalSection
EndGlobal
